
Microsoft Visual Studio Solution File, Format Version 12.00
# Visual Studio Version 16
VisualStudioVersion = 16.0.31129.286
MinimumVisualStudioVersion = 10.0.40219.1
Project("{9A19103F-16F7-4668-BE54-9A1E7A4F7556}") = "Better_Ecom_Backend", "Better_Ecom_Backend\Better_Ecom_Backend.csproj", "{CCD19445-9DF1-4DA3-95F5-14D12412B651}"
EndProject
Project("{FAE04EC0-301F-11D3-BF4B-00C04F79EFBC}") = "DataLibrary", "DataLibrary\DataLibrary.csproj", "{A6919D3D-56D6-4249-9906-2C366AFB3918}"
EndProject
Global
	GlobalSection(SolutionConfigurationPlatforms) = preSolution
		Debug|Any CPU = Debug|Any CPU
		Release|Any CPU = Release|Any CPU
	EndGlobalSection
	GlobalSection(ProjectConfigurationPlatforms) = postSolution
		{CCD19445-9DF1-4DA3-95F5-14D12412B651}.Debug|Any CPU.ActiveCfg = Debug|Any CPU
		{CCD19445-9DF1-4DA3-95F5-14D12412B651}.Debug|Any CPU.Build.0 = Debug|Any CPU
		{CCD19445-9DF1-4DA3-95F5-14D12412B651}.Release|Any CPU.ActiveCfg = Release|Any CPU
		{CCD19445-9DF1-4DA3-95F5-14D12412B651}.Release|Any CPU.Build.0 = Release|Any CPU
		{A6919D3D-56D6-4249-9906-2C366AFB3918}.Debug|Any CPU.ActiveCfg = Debug|Any CPU
		{A6919D3D-56D6-4249-9906-2C366AFB3918}.Debug|Any CPU.Build.0 = Debug|Any CPU
		{A6919D3D-56D6-4249-9906-2C366AFB3918}.Release|Any CPU.ActiveCfg = Release|Any CPU
		{A6919D3D-56D6-4249-9906-2C366AFB3918}.Release|Any CPU.Build.0 = Release|Any CPU
	EndGlobalSection
	GlobalSection(SolutionProperties) = preSolution
		HideSolutionNode = FALSE
	EndGlobalSection
	GlobalSection(ExtensibilityGlobals) = postSolution
		SolutionGuid = {9FE304A0-973A-4668-B69C-F7C8B5D70AB2}
	EndGlobalSection
EndGlobal
