
Microsoft Visual Studio Solution File, Format Version 12.00
# Visual Studio Version 16
VisualStudioVersion = 16.0.31205.134
MinimumVisualStudioVersion = 10.0.40219.1
Project("{FAE04EC0-301F-11D3-BF4B-00C04F79EFBC}") = "NewEcom_Backend", "NewEcom_Backend\NewEcom_Backend.csproj", "{26C9B78A-E58A-4910-B451-BCC3FEAE165B}"
EndProject
Global
	GlobalSection(SolutionConfigurationPlatforms) = preSolution
		Debug|Any CPU = Debug|Any CPU
		Release|Any CPU = Release|Any CPU
	EndGlobalSection
	GlobalSection(ProjectConfigurationPlatforms) = postSolution
		{26C9B78A-E58A-4910-B451-BCC3FEAE165B}.Debug|Any CPU.ActiveCfg = Debug|Any CPU
		{26C9B78A-E58A-4910-B451-BCC3FEAE165B}.Debug|Any CPU.Build.0 = Debug|Any CPU
		{26C9B78A-E58A-4910-B451-BCC3FEAE165B}.Release|Any CPU.ActiveCfg = Release|Any CPU
		{26C9B78A-E58A-4910-B451-BCC3FEAE165B}.Release|Any CPU.Build.0 = Release|Any CPU
	EndGlobalSection
	GlobalSection(SolutionProperties) = preSolution
		HideSolutionNode = FALSE
	EndGlobalSection
	GlobalSection(ExtensibilityGlobals) = postSolution
		SolutionGuid = {00A0DCD5-CA41-4A4F-89D2-D4F3311ED527}
	EndGlobalSection
EndGlobal
